
Microsoft Visual Studio Solution File, Format Version 12.00
# Visual Studio Version 17
VisualStudioVersion = 17.0.32112.339
MinimumVisualStudioVersion = 10.0.40219.1
Project("{FAE04EC0-301F-11D3-BF4B-00C04F79EFBC}") = "SampSharp.Templates", "SampSharp.Templates\SampSharp.Templates.csproj", "{F20B1F4F-8489-4115-A623-0267CED3D9B4}"
EndProject
Project("{FAE04EC0-301F-11D3-BF4B-00C04F79EFBC}") = "SampSharp.ProjectTemplate.GameMode", "SampSharp.ProjectTemplate.GameMode\SampSharp.ProjectTemplate.GameMode.csproj", "{706CE89D-EA9F-4A14-9A3C-471CA1E4BF37}"
EndProject
Project("{FAE04EC0-301F-11D3-BF4B-00C04F79EFBC}") = "SampSharp.ProjectTemplate.Entities", "SampSharp.ProjectTemplate.Entities\SampSharp.ProjectTemplate.Entities.csproj", "{E0FD230D-755D-4AD4-AFDF-0BEB3A510ECD}"
EndProject
Global
	GlobalSection(SolutionConfigurationPlatforms) = preSolution
		Debug|Any CPU = Debug|Any CPU
		Debug|x86 = Debug|x86
		Release|Any CPU = Release|Any CPU
		Release|x86 = Release|x86
	EndGlobalSection
	GlobalSection(ProjectConfigurationPlatforms) = postSolution
		{F20B1F4F-8489-4115-A623-0267CED3D9B4}.Debug|Any CPU.ActiveCfg = Debug|Any CPU
		{F20B1F4F-8489-4115-A623-0267CED3D9B4}.Debug|Any CPU.Build.0 = Debug|Any CPU
		{F20B1F4F-8489-4115-A623-0267CED3D9B4}.Debug|x86.ActiveCfg = Debug|x86
		{F20B1F4F-8489-4115-A623-0267CED3D9B4}.Debug|x86.Build.0 = Debug|x86
		{F20B1F4F-8489-4115-A623-0267CED3D9B4}.Release|Any CPU.ActiveCfg = Release|Any CPU
		{F20B1F4F-8489-4115-A623-0267CED3D9B4}.Release|Any CPU.Build.0 = Release|Any CPU
		{F20B1F4F-8489-4115-A623-0267CED3D9B4}.Release|x86.ActiveCfg = Release|x86
		{F20B1F4F-8489-4115-A623-0267CED3D9B4}.Release|x86.Build.0 = Release|x86
		{706CE89D-EA9F-4A14-9A3C-471CA1E4BF37}.Debug|Any CPU.ActiveCfg = Debug|Any CPU
		{706CE89D-EA9F-4A14-9A3C-471CA1E4BF37}.Debug|Any CPU.Build.0 = Debug|Any CPU
		{706CE89D-EA9F-4A14-9A3C-471CA1E4BF37}.Debug|x86.ActiveCfg = Debug|x86
		{706CE89D-EA9F-4A14-9A3C-471CA1E4BF37}.Debug|x86.Build.0 = Debug|x86
		{706CE89D-EA9F-4A14-9A3C-471CA1E4BF37}.Release|Any CPU.ActiveCfg = Release|Any CPU
		{706CE89D-EA9F-4A14-9A3C-471CA1E4BF37}.Release|Any CPU.Build.0 = Release|Any CPU
		{706CE89D-EA9F-4A14-9A3C-471CA1E4BF37}.Release|x86.ActiveCfg = Release|x86
		{706CE89D-EA9F-4A14-9A3C-471CA1E4BF37}.Release|x86.Build.0 = Release|x86
		{E0FD230D-755D-4AD4-AFDF-0BEB3A510ECD}.Debug|Any CPU.ActiveCfg = Debug|Any CPU
		{E0FD230D-755D-4AD4-AFDF-0BEB3A510ECD}.Debug|Any CPU.Build.0 = Debug|Any CPU
		{E0FD230D-755D-4AD4-AFDF-0BEB3A510ECD}.Debug|x86.ActiveCfg = Debug|x86
		{E0FD230D-755D-4AD4-AFDF-0BEB3A510ECD}.Debug|x86.Build.0 = Debug|x86
		{E0FD230D-755D-4AD4-AFDF-0BEB3A510ECD}.Release|Any CPU.ActiveCfg = Release|Any CPU
		{E0FD230D-755D-4AD4-AFDF-0BEB3A510ECD}.Release|Any CPU.Build.0 = Release|Any CPU
		{E0FD230D-755D-4AD4-AFDF-0BEB3A510ECD}.Release|x86.ActiveCfg = Release|x86
		{E0FD230D-755D-4AD4-AFDF-0BEB3A510ECD}.Release|x86.Build.0 = Release|x86
	EndGlobalSection
	GlobalSection(SolutionProperties) = preSolution
		HideSolutionNode = FALSE
	EndGlobalSection
	GlobalSection(ExtensibilityGlobals) = postSolution
		SolutionGuid = {62730A5F-453F-44F2-92C8-EB22144AE41E}
	EndGlobalSection
EndGlobal
